
Microsoft Visual Studio Solution File, Format Version 12.00
# Visual Studio Version 16
VisualStudioVersion = 16.0.30717.126
MinimumVisualStudioVersion = 10.0.40219.1
Project("{FAE04EC0-301F-11D3-BF4B-00C04F79EFBC}") = "Vrnz2.Challenge.ServiceContracts", "Vrnz2.Challenge.ServiceContracts\Vrnz2.Challenge.ServiceContracts.csproj", "{BC5CCF41-3927-4839-80B7-61A15217FA87}"
EndProject
Global
	GlobalSection(SolutionConfigurationPlatforms) = preSolution
		Debug|Any CPU = Debug|Any CPU
		Release|Any CPU = Release|Any CPU
	EndGlobalSection
	GlobalSection(ProjectConfigurationPlatforms) = postSolution
		{BC5CCF41-3927-4839-80B7-61A15217FA87}.Debug|Any CPU.ActiveCfg = Debug|Any CPU
		{BC5CCF41-3927-4839-80B7-61A15217FA87}.Debug|Any CPU.Build.0 = Debug|Any CPU
		{BC5CCF41-3927-4839-80B7-61A15217FA87}.Release|Any CPU.ActiveCfg = Release|Any CPU
		{BC5CCF41-3927-4839-80B7-61A15217FA87}.Release|Any CPU.Build.0 = Release|Any CPU
	EndGlobalSection
	GlobalSection(SolutionProperties) = preSolution
		HideSolutionNode = FALSE
	EndGlobalSection
	GlobalSection(ExtensibilityGlobals) = postSolution
		SolutionGuid = {B5A823BA-F39A-42D8-88C0-D1059C3D1B7A}
	EndGlobalSection
EndGlobal
